Microsoft Visual Studio Solution File, Format Version 12.00
# Visual Studio Version 17
VisualStudioVersion = 17.5.2.0
MinimumVisualStudioVersion = 10.0.40219.1
Project("{FAE04EC0-301F-11D3-BF4B-00C04F79EFBC}") = "Rooms", "Rooms\Rooms.csproj", "{CC0F3F73-A23B-7496-9ACC-E021B7710F42}"
EndProject
Global
	GlobalSection(SolutionConfigurationPlatforms) = preSolution
		Debug|Any CPU = Debug|Any CPU
		Release|Any CPU = Release|Any CPU
	EndGlobalSection
	GlobalSection(ProjectConfigurationPlatforms) = postSolution
		{CC0F3F73-A23B-7496-9ACC-E021B7710F42}.Debug|Any CPU.ActiveCfg = Debug|Any CPU
		{CC0F3F73-A23B-7496-9ACC-E021B7710F42}.Debug|Any CPU.Build.0 = Debug|Any CPU
		{CC0F3F73-A23B-7496-9ACC-E021B7710F42}.Release|Any CPU.ActiveCfg = Release|Any CPU
		{CC0F3F73-A23B-7496-9ACC-E021B7710F42}.Release|Any CPU.Build.0 = Release|Any CPU
	EndGlobalSection
	GlobalSection(SolutionProperties) = preSolution
		HideSolutionNode = FALSE
	EndGlobalSection
	GlobalSection(ExtensibilityGlobals) = postSolution
		SolutionGuid = {58EEA906-9E14-4E48-8508-45F05B524A70}
	EndGlobalSection
EndGlobal
